// !$*UTF8*$!
{
	archiveVersion = 1;
	classes = {
	};
	objectVersion = 50;
	objects = {

/* Begin PBXBuildFile section */
		5A66FF8524215DDC003EACEE /* AppDelegate.swift in Sources */ = {isa = PBXBuildFile; fileRef = 5A66FF8424215DDC003EACEE /* AppDelegate.swift */; };
		5A66FF8724215DDC003EACEE /* SceneDelegate.swift in Sources */ = {isa = PBXBuildFile; fileRef = 5A66FF8624215DDC003EACEE /* SceneDelegate.swift */; };
		5A66FF8924215DDC003EACEE /* POIsTableViewController.swift in Sources */ = {isa = PBXBuildFile; fileRef = 5A66FF8824215DDC003EACEE /* POIsTableViewController.swift */; };
		5A66FF8C24215DDC003EACEE /* Main.storyboard in Resources */ = {isa = PBXBuildFile; fileRef = 5A66FF8A24215DDC003EACEE /* Main.storyboard */; };
		5A66FF8E24215DDC003EACEE /* Assets.xcassets in Resources */ = {isa = PBXBuildFile; fileRef = 5A66FF8D24215DDC003EACEE /* Assets.xcassets */; };
		5A66FF9124215DDC003EACEE /* LaunchScreen.storyboard in Resources */ = {isa = PBXBuildFile; fileRef = 5A66FF8F24215DDC003EACEE /* LaunchScreen.storyboard */; };
/* End PBXBuildFile section */

/* Begin PBXFileReference section */
		5A66FF8124215DDC003EACEE /* GrailDiary_iOS16.app */ = {isa = PBXFileReference; explicitFileType = wrapper.application; includeInIndex = 0; path = GrailDiary_iOS16.app; sourceTree = BUILT_PRODUCTS_DIR; };
		5A66FF8424215DDC003EACEE /* AppDelegate.swift */ = {isa = PBXFileReference; lastKnownFileType = sourcecode.swift; path = AppDelegate.swift; sourceTree = "<group>"; };
		5A66FF8624215DDC003EACEE /* SceneDelegate.swift */ = {isa = PBXFileReference; lastKnownFileType = sourcecode.swift; path = SceneDelegate.swift; sourceTree = "<group>"; };
		5A66FF8824215DDC003EACEE /* POIsTableViewController.swift */ = {isa = PBXFileReference; lastKnownFileType = sourcecode.swift; path = POIsTableViewController.swift; sourceTree = "<group>"; };
		5A66FF8B24215DDC003EACEE /* Base */ = {isa = PBXFileReference; lastKnownFileType = file.storyboard; name = Base; path = Base.lproj/Main.storyboard; sourceTree = "<group>"; };
		5A66FF8D24215DDC003EACEE /* Assets.xcassets */ = {isa = PBXFileReference; lastKnownFileType = folder.assetcatalog; path = Assets.xcassets; sourceTree = "<group>"; };
		5A66FF9024215DDC003EACEE /* Base */ = {isa = PBXFileReference; lastKnownFileType = file.storyboard; name = Base; path = Base.lproj/LaunchScreen.storyboard; sourceTree = "<group>"; };
		5A66FF9224215DDC003EACEE /* Info.plist */ = {isa = PBXFileReference; lastKnownFileType = text.plist.xml; path = Info.plist; sourceTree = "<group>"; };
/* End PBXFileReference section */

/* Begin PBXFrameworksBuildPhase section */
		5A66FF7E24215DDC003EACEE /* Frameworks */ = {
			isa = PBXFrameworksBuildPhase;
			buildActionMask = 2147483647;
			files = (
			);
			runOnlyForDeploymentPostprocessing = 0;
		};
/* End PBXFrameworksBuildPhase section */

/* Begin PBXGroup section */
		5A66FF7824215DDC003EACEE = {
			isa = PBXGroup;
			children = (
				5A66FF8324215DDC003EACEE /* GrailDiary_iOS16 */,
				5A66FF8224215DDC003EACEE /* Products */,
			);
			sourceTree = "<group>";
		};
		5A66FF8224215DDC003EACEE /* Products */ = {
			isa = PBXGroup;
			children = (
				5A66FF8124215DDC003EACEE /* GrailDiary_iOS16.app */,
			);
			name = Products;
			sourceTree = "<group>";
		};
		5A66FF8324215DDC003EACEE /* GrailDiary_iOS16 */ = {
			isa = PBXGroup;
			children = (
				5A66FF8424215DDC003EACEE /* AppDelegate.swift */,
				5A66FF8624215DDC003EACEE /* SceneDelegate.swift */,
				5A66FF8824215DDC003EACEE /* POIsTableViewController.swift */,
				5A66FF8A24215DDC003EACEE /* Main.storyboard */,
				5A66FF8D24215DDC003EACEE /* Assets.xcassets */,
				5A66FF8F24215DDC003EACEE /* LaunchScreen.storyboard */,
				5A66FF9224215DDC003EACEE /* Info.plist */,
			);
			path = GrailDiary_iOS16;
			sourceTree = "<group>";
		};
/* End PBXGroup section */

/* Begin PBXNativeTarget section */
		5A66FF8024215DDC003EACEE /* GrailDiary_iOS16 */ = {
			isa = PBXNativeTarget;
			buildConfigurationList = 5A66FF9524215DDC003EACEE /* Build configuration list for PBXNativeTarget "GrailDiary_iOS16" */;
			buildPhases = (
				5A66FF7D24215DDC003EACEE /* Sources */,
				5A66FF7E24215DDC003EACEE /* Frameworks */,
				5A66FF7F24215DDC003EACEE /* Resources */,
			);
			buildRules = (
			);
			dependencies = (
			);
			name = GrailDiary_iOS16;
			productName = GrailDiary_iOS16;
			productReference = 5A66FF8124215DDC003EACEE /* GrailDiary_iOS16.app */;
			productType = "com.apple.product-type.application";
		};
/* End PBXNativeTarget section */

/* Begin PBXProject section */
		5A66FF7924215DDC003EACEE /* Project object */ = {
			isa = PBXProject;
			attributes = {
				LastSwiftUpdateCheck = 1130;
				LastUpgradeCheck = 1130;
				ORGANIZATIONNAME = "Stephanie Ballard";
				TargetAttributes = {
					5A66FF8024215DDC003EACEE = {
						CreatedOnToolsVersion = 11.3.1;
					};
				};
			};
			buildConfigurationList = 5A66FF7C24215DDC003EACEE /* Build configuration list for PBXProject "GrailDiary_iOS16" */;
			compatibilityVersion = "Xcode 9.3";
			developmentRegion = en;
			hasScannedForEncodings = 0;
			knownRegions = (
				en,
				Base,
			);
			mainGroup = 5A66FF7824215DDC003EACEE;
			productRefGroup = 5A66FF8224215DDC003EACEE /* Products */;
			projectDirPath = "";
			projectRoot = "";
			targets = (
				5A66FF8024215DDC003EACEE /* GrailDiary_iOS16 */,
			);
		};
/* End PBXProject section */

/* Begin PBXResourcesBuildPhase section */
		5A66FF7F24215DDC003EACEE /* Resources */ = {
			isa = PBXResourcesBuildPhase;
			buildActionMask = 2147483647;
			files = (
				5A66FF9124215DDC003EACEE /* LaunchScreen.storyboard in Resources */,
				5A66FF8E24215DDC003EACEE /* Assets.xcassets in Resources */,
				5A66FF8C24215DDC003EACEE /* Main.storyboard in Resources */,
			);
			runOnlyForDeploymentPostprocessing = 0;
		};
/* End PBXResourcesBuildPhase section */

/* Begin PBXSourcesBuildPhase section */
		5A66FF7D24215DDC003EACEE /* Sources */ = {
			isa = PBXSourcesBuildPhase;
			buildActionMask = 2147483647;
			files = (
				5A66FF8924215DDC003EACEE /* POIsTableViewController.swift in Sources */,
				5A66FF8524215DDC003EACEE /* AppDelegate.swift in Sources */,
				5A66FF8724215DDC003EACEE /* SceneDelegate.swift in Sources */,
			);
			runOnlyForDeploymentPostprocessing = 0;
		};
/* End PBXSourcesBuildPhase section */

/* Begin PBXVariantGroup section */
		5A66FF8A24215DDC003EACEE /* Main.storyboard */ = {
			isa = PBXVariantGroup;
			children = (
				5A66FF8B24215DDC003EACEE /* Base */,
			);
			name = Main.storyboard;
			sourceTree = "<group>";
		};
		5A66FF8F24215DDC003EACEE /* LaunchScreen.storyboard */ = {
			isa = PBXVariantGroup;
			children = (
				5A66FF9024215DDC003EACEE /* Base */,
			);
			name = LaunchScreen.storyboard;
			sourceTree = "<group>";
		};
/* End PBXVariantGroup section */

/* Begin XCBuildConfiguration section */
		5A66FF9324215DDC003EACEE /* Debug */ = {
			isa = XCBuildConfiguration;
			buildSettings = {
				ALWAYS_SEARCH_USER_PATHS = NO;
				CLANG_ANALYZER_NONNULL = YES;
				CLANG_ANALYZER_NUMBER_OBJECT_CONVERSION = YES_AGGRESSIVE;
				CLANG_CXX_LANGUAGE_STANDARD = "gnu++14";
				CLANG_CXX_LIBRARY = "libc++";
				CLANG_ENABLE_MODULES = YES;
				CLANG_ENABLE_OBJC_ARC = YES;
				CLANG_ENABLE_OBJC_WEAK = YES;
				CLANG_WARN_BLOCK_CAPTURE_AUTORELEASING = YES;
				CLANG_WARN_BOOL_CONVERSION = YES;
				CLANG_WARN_COMMA = YES;
				CLANG_WARN_CONSTANT_CONVERSION = YES;
				CLANG_WARN_DEPRECATED_OBJC_IMPLEMENTATIONS = YES;
				CLANG_WARN_DIRECT_OBJC_ISA_USAGE = YES_ERROR;
				CLANG_WARN_DOCUMENTATION_COMMENTS = YES;
				CLANG_WARN_EMPTY_BODY = YES;
				CLANG_WARN_ENUM_CONVERSION = YES;
				CLANG_WARN_INFINITE_RECURSION = YES;
				CLANG_WARN_INT_CONVERSION = YES;
				CLANG_WARN_NON_LITERAL_NULL_CONVERSION = YES;
				CLANG_WARN_OBJC_IMPLICIT_RETAIN_SELF = YES;
				CLANG_WARN_OBJC_LITERAL_CONVERSION = YES;
				CLANG_WARN_OBJC_ROOT_CLASS = YES_ERROR;
				CLANG_WARN_RANGE_LOOP_ANALYSIS = YES;
				CLANG_WARN_STRICT_PROTOTYPES = YES;
				CLANG_WARN_SUSPICIOUS_MOVE = YES;
				CLANG_WARN_UNGUARDED_AVAILABILITY = YES_AGGRESSIVE;
				CLANG_WARN_UNREACHABLE_CODE = YES;
				CLANG_WARN__DUPLICATE_METHOD_MATCH = YES;
				COPY_PHASE_STRIP = NO;
				DEBUG_INFORMATION_FORMAT = dwarf;
				ENABLE_STRICT_OBJC_MSGSEND = YES;
				ENABLE_TESTABILITY = YES;
				GCC_C_LANGUAGE_STANDARD = gnu11;
				GCC_DYNAMIC_NO_PIC = NO;
				GCC_NO_COMMON_BLOCKS = YES;
				GCC_OPTIMIZATION_LEVEL = 0;
				GCC_PREPROCESSOR_DEFINITIONS = (
					"DEBUG=1",
					"$(inherited)",
				);
				GCC_WARN_64_TO_32_BIT_CONVERSION = YES;
				GCC_WARN_ABOUT_RETURN_TYPE = YES_ERROR;
				GCC_WARN_UNDECLARED_SELECTOR = YES;
				GCC_WARN_UNINITIALIZED_AUTOS = YES_AGGRESSIVE;
				GCC_WARN_UNUSED_FUNCTION = YES;
				GCC_WARN_UNUSED_VARIABLE = YES;
				IPHONEOS_DEPLOYMENT_TARGET = 13.2;
				MTL_ENABLE_DEBUG_INFO = INCLUDE_SOURCE;
				MTL_FAST_MATH = YES;
				ONLY_ACTIVE_ARCH = YES;
				SDKROOT = iphoneos;
				SWIFT_ACTIVE_COMPILATION_CONDITIONS = DEBUG;
				SWIFT_OPTIMIZATION_LEVEL = "-Onone";
			};
			name = Debug;
		};
		5A66FF9424215DDC003EACEE /* Release */ = {
			isa = XCBuildConfiguration;
			buildSettings = {
				ALWAYS_SEARCH_USER_PATHS = NO;
				CLANG_ANALYZER_NONNULL = YES;
				CLANG_ANALYZER_NUMBER_OBJECT_CONVERSION = YES_AGGRESSIVE;
				CLANG_CXX_LANGUAGE_STANDARD = "gnu++14";
				CLANG_CXX_LIBRARY = "libc++";
				CLANG_ENABLE_MODULES = YES;
				CLANG_ENABLE_OBJC_ARC = YES;
				CLANG_ENABLE_OBJC_WEAK = YES;
				CLANG_WARN_BLOCK_CAPTURE_AUTORELEASING = YES;
				CLANG_WARN_BOOL_CONVERSION = YES;
				CLANG_WARN_COMMA = YES;
				CLANG_WARN_CONSTANT_CONVERSION = YES;
				CLANG_WARN_DEPRECATED_OBJC_IMPLEMENTATIONS = YES;
				CLANG_WARN_DIRECT_OBJC_ISA_USAGE = YES_ERROR;
				CLANG_WARN_DOCUMENTATION_COMMENTS = YES;
				CLANG_WARN_EMPTY_BODY = YES;
				CLANG_WARN_ENUM_CONVERSION = YES;
				CLANG_WARN_INFINITE_RECURSION = YES;
				CLANG_WARN_INT_CONVERSION = YES;
				CLANG_WARN_NON_LITERAL_NULL_CONVERSION = YES;
				CLANG_WARN_OBJC_IMPLICIT_RETAIN_SELF = YES;
				CLANG_WARN_OBJC_LITERAL_CONVERSION = YES;
				CLANG_WARN_OBJC_ROOT_CLASS = YES_ERROR;
				CLANG_WARN_RANGE_LOOP_ANALYSIS = YES;
				CLANG_WARN_STRICT_PROTOTYPES = YES;
				CLANG_WARN_SUSPICIOUS_MOVE = YES;
				CLANG_WARN_UNGUARDED_AVAILABILITY = YES_AGGRESSIVE;
				CLANG_WARN_UNREACHABLE_CODE = YES;
				CLANG_WARN__DUPLICATE_METHOD_MATCH = YES;
				COPY_PHASE_STRIP = NO;
				DEBUG_INFORMATION_FORMAT = "dwarf-with-dsym";
				ENABLE_NS_ASSERTIONS = NO;
				ENABLE_STRICT_OBJC_MSGSEND = YES;
				GCC_C_LANGUAGE_STANDARD = gnu11;
				GCC_NO_COMMON_BLOCKS = YES;
				GCC_WARN_64_TO_32_BIT_CONVERSION = YES;
				GCC_WARN_ABOUT_RETURN_TYPE = YES_ERROR;
				GCC_WARN_UNDECLARED_SELECTOR = YES;
				GCC_WARN_UNINITIALIZED_AUTOS = YES_AGGRESSIVE;
				GCC_WARN_UNUSED_FUNCTION = YES;
				GCC_WARN_UNUSED_VARIABLE = YES;
				IPHONEOS_DEPLOYMENT_TARGET = 13.2;
				MTL_ENABLE_DEBUG_INFO = NO;
				MTL_FAST_MATH = YES;
				SDKROOT = iphoneos;
				SWIFT_COMPILATION_MODE = wholemodule;
				SWIFT_OPTIMIZATION_LEVEL = "-O";
				VALIDATE_PRODUCT = YES;
			};
			name = Release;
		};
		5A66FF9624215DDC003EACEE /* Debug */ = {
			isa = XCBuildConfiguration;
			buildSettings = {
				ASSETCATALOG_COMPILER_APPICON_NAME = AppIcon;
				CODE_SIGN_STYLE = Automatic;
				INFOPLIST_FILE = GrailDiary_iOS16/Info.plist;
				LD_RUNPATH_SEARCH_PATHS = (
					"$(inherited)",
					"@executable_path/Frameworks",
				);
				PRODUCT_BUNDLE_IDENTIFIER = "com.StephanieBallard.GrailDiary-iOS16";
				PRODUCT_NAME = "$(TARGET_NAME)";
				SWIFT_VERSION = 5.0;
				TARGETED_DEVICE_FAMILY = "1,2";
			};
			name = Debug;
		};
		5A66FF9724215DDC003EACEE /* Release */ = {
			isa = XCBuildConfiguration;
			buildSettings = {
				ASSETCATALOG_COMPILER_APPICON_NAME = AppIcon;
				CODE_SIGN_STYLE = Automatic;
				INFOPLIST_FILE = GrailDiary_iOS16/Info.plist;
				LD_RUNPATH_SEARCH_PATHS = (
					"$(inherited)",
					"@executable_path/Frameworks",
				);
				PRODUCT_BUNDLE_IDENTIFIER = "com.StephanieBallard.GrailDiary-iOS16";
				PRODUCT_NAME = "$(TARGET_NAME)";
				SWIFT_VERSION = 5.0;
				TARGETED_DEVICE_FAMILY = "1,2";
			};
			name = Release;
		};
/* End XCBuildConfiguration section */

/* Begin XCConfigurationList section */
		5A66FF7C24215DDC003EACEE /* Build configuration list for PBXProject "GrailDiary_iOS16" */ = {
			isa = XCConfigurationList;
			buildConfigurations = (
				5A66FF9324215DDC003EACEE /* Debug */,
				5A66FF9424215DDC003EACEE /* Release */,
			);
			defaultConfigurationIsVisible = 0;
			defaultConfigurationName = Release;
		};
		5A66FF9524215DDC003EACEE /* Build configuration list for PBXNativeTarget "GrailDiary_iOS16" */ = {
			isa = XCConfigurationList;
			buildConfigurations = (
				5A66FF9624215DDC003EACEE /* Debug */,
				5A66FF9724215DDC003EACEE /* Release */,
			);
			defaultConfigurationIsVisible = 0;
			defaultConfigurationName = Release;
		};
/* End XCConfigurationList section */
	};
	rootObject = 5A66FF7924215DDC003EACEE /* Project object */;
}
